
Microsoft Visual Studio Solution File, Format Version 12.00
# Visual Studio Version 16
VisualStudioVersion = 16.0.32407.337
MinimumVisualStudioVersion = 10.0.40219.1
Project("{9A19103F-16F7-4668-BE54-9A1E7A4F7556}") = "OnSale.Common", "OnSale.Common\OnSale.Common.csproj", "{1A46ADDB-58B9-4D43-A55C-988C08A164E8}"
EndProject
Project("{FAE04EC0-301F-11D3-BF4B-00C04F79EFBC}") = "OnSale.Web", "OnSale.Web\OnSale.Web.csproj", "{8631387B-8181-4C8C-8C07-8E5AB68FB8BC}"
EndProject
Global
	GlobalSection(SolutionConfigurationPlatforms) = preSolution
		Debug|Any CPU = Debug|Any CPU
		Release|Any CPU = Release|Any CPU
	EndGlobalSection
	GlobalSection(ProjectConfigurationPlatforms) = postSolution
		{1A46ADDB-58B9-4D43-A55C-988C08A164E8}.Debug|Any CPU.ActiveCfg = Debug|Any CPU
		{1A46ADDB-58B9-4D43-A55C-988C08A164E8}.Debug|Any CPU.Build.0 = Debug|Any CPU
		{1A46ADDB-58B9-4D43-A55C-988C08A164E8}.Release|Any CPU.ActiveCfg = Release|Any CPU
		{1A46ADDB-58B9-4D43-A55C-988C08A164E8}.Release|Any CPU.Build.0 = Release|Any CPU
		{8631387B-8181-4C8C-8C07-8E5AB68FB8BC}.Debug|Any CPU.ActiveCfg = Debug|Any CPU
		{8631387B-8181-4C8C-8C07-8E5AB68FB8BC}.Debug|Any CPU.Build.0 = Debug|Any CPU
		{8631387B-8181-4C8C-8C07-8E5AB68FB8BC}.Release|Any CPU.ActiveCfg = Release|Any CPU
		{8631387B-8181-4C8C-8C07-8E5AB68FB8BC}.Release|Any CPU.Build.0 = Release|Any CPU
	EndGlobalSection
	GlobalSection(SolutionProperties) = preSolution
		HideSolutionNode = FALSE
	EndGlobalSection
	GlobalSection(ExtensibilityGlobals) = postSolution
		SolutionGuid = {CD7752C7-2D68-436B-86D0-016FCCBF85FC}
	EndGlobalSection
EndGlobal
